github.com/aws/aws-sdk-go-v2 v0.31.0/go.mod h1:IQw4KL7QIoaNDT3WoEBV1fDlVRhp/WTRteoaplV3SHo=
github.com/aws/aws-sdk-go-v2 v1.11.1 h1:GzvOVAdTbWxhEMRK4FfiblkGverOkAT0UodDxC1jHQM=
github.com/aws/aws-sdk-go-v2 v1.11.1/go.mod h1:SQfA+m2ltnu1cA0soUkj4dRSsmITiVQUJvBIZjzfPyQ=
github.com/aws/aws-sdk-go-v2/config v0.4.0 h1:16lwnZRhleaPbDesZgEJbHxuOv4wy12A372mkhmiktc=
github.com/aws/aws-sdk-go-v2/config v0.4.0/go.mod h1:5uxQPUBCF+TwwWYo2xau4N+rSOS47ZH+QvLbae1Cckc=
github.com/aws/aws-sdk-go-v2/credentials v0.2.0 h1:YDv/0/8BzaZtpS4jfptcyIPh5zlhmIhbM2RtNscn/bo=
github.com/aws/aws-sdk-go-v2/credentials v0.2.0/go.mod h1:U81m6Xb5IpJ66ZnotiG7/6JJFuwrc8q8rWpXQxYP0hI=
github.com/aws/aws-sdk-go-v2/feature/ec2/imds v0.1.0 h1:zwhJDxNht/+a0QGy3RCveUFf6REXcmaQIHcYS11m5KY=
github.com/aws/aws-sdk-go-v2/feature/ec2/imds v0.1.0/go.mod h1:d3o/QBgbYw2OYmbv/EGYs0zFH47qsCKCTDbaOgdQGH8=
github.com/aws/aws-sdk-go-v2/internal/configsources v1.1.1 h1:LZwqhOyqQ2w64PZk04V0Om9AEExtW8WMkCRoE1h9/94=
github.com/aws/aws-sdk-go-v2/internal/configsources v1.1.1/go.mod h1:22SEiBSQm5AyKEjoPcG1hzpeTI+m9CXfE6yt1h49wBE=
github.com/aws/aws-sdk-go-v2/internal/endpoints/v2 v2.0.1 h1:ObMfGNk0xjOWduPxsrRWVwZZia3e9fOcO6zlKCkt38s=
github.com/aws/aws-sdk-go-v2/internal/endpoints/v2 v2.0.1/go.mod h1:1xvCD+I5BcDuQUc+psZr7LI1a9pclAWZs3S3Gce5+lg=
github.com/aws/aws-sdk-go-v2/internal/ini v1.3.1 h1:fdQSN/ieDwbxdj7ptvFKjS2cS2a91l/WdjacCt5GgTE=
github.com/aws/aws-sdk-go-v2/internal/ini v1.3.1/go.mod h1:5eEM4wZ6I2GaeOaVXsiJexIH4P1sFnK5Yp2Tlw9Ah3c=
github.com/aws/aws-sdk-go-v2/service/internal/presigned-url v1.5.1 h1:ZFSfgetO5kf4WXy+a2B8zug6DXGUYjsWacyvwx5cgXU=
github.com/aws/aws-sdk-go-v2/service/internal/presigned-url v1.5.1/go.mod h1:fEaHB2bi+wVZw4uKMHEXTL9LwtT4EL//DOhTeflqIVo=
github.com/aws/aws-sdk-go-v2/service/sts v0.31.0/go.mod h1:gliVu4/DZsKINvBoEcMIlxMIQft/yPYQhnSLxwiWqFM=
github.com/aws/aws-sdk-go-v2/service/sts v1.11.0 h1:gij6WPiL9NznPLiRz9cwBLDS8j80V65lFHnE4ehd0E0=
github.com/aws/aws-sdk-go-v2/service/sts v1.11.0/go.mod h1:+BmlPeQ1Y+PuIho93MMKDby12PoUnt1SZXQdEHCzSlw=
github.com/aws/smithy-go v0.5.0/go.mod h1:EzMw8dbp/YJL4A5/sbhGddag+NPT7q084agLbB9LgIw=
github.com/aws/smithy-go v1.9.0 h1:c7FUdEqrQA1/UVKKCNDFQPNKGp4FQg3YW4Ck5SLTG58=
github.com/aws/smithy-go v1.9.0/go.mod h1:SObp3lf9smib00L/v3U2eAKG8FyQ7iLrJnQiAmR5n+E=
github.com/davecgh/go-spew v1.1.0/go.mod h1:J7Y8YcW2NihsgmVo/mv3lAwl/skON4iLHjSsI+c5H38=
github.com/google/go-cmp v0.4.1/go.mod h1:v8dTdLbMG2kIc/vJvl+f65V22dbkXbowE6jgT/gNBxE=
github.com/google/go-cmp v0.5.4/go.mod h1:v8dTdLbMG2kIc/vJvl+f65V22dbkXbowE6jgT/gNBxE=
github.com/google/go-cmp v0.5.6 h1:BKbKCqvP6I+rmFHt06ZmyQtvB8xAkWdhFyr0ZUNZcxQ=
github.com/google/go-cmp v0.5.6/go.mod h1:v8dTdLbMG2kIc/vJvl+f65V22dbkXbowE6jgT/gNBxE=
github.com/google/uuid v1.3.0 h1:t6JiXgmwXMjEs8VusXIJk2BXHsn+wx8BZdTaoZ5fu7I=
github.com/google/uuid v1.3.0/go.mod h1:TIyPZe4MgqvfeYDBFedMoGGpEw/LqOeaOT+nhxU+yHo=
github.com/jmespath/go-jmespath v0.4.0/go.mod h1:T8mJZnbsbmF+m6zOOFylbeCJqk5+pHWvzYPziyZiYoo=
github.com/jmespath/go-jmespath/internal/testify v1.5.1/go.mod h1:L3OGu8Wl2/fWfCI6z80xFu9LTZmf1ZRjMHUOPmWr69U=
github.com/pkg/errors v0.9.1 h1:FEBLx1zS214owpjy7qsBeixbURkuhQAwrK5UwLGTwt4=
github.com/pkg/errors v0.9.1/go.mod h1:bwawxfHBFNV+L2hUp1rHADufV3IMtnDRdf1r5NINEl0=
github.com/pmezard/go-difflib v1.0.0/go.mod h1:iKH77koFhYxTK1pcRnkKkqfTogsbg7gZNVY4sRDYZ/4=
github.com/stretchr/objx v0.1.0/go.mod h1:HFkY916IF+rwdDfMAkV7OtwuqBVzrE8GR6GFx+wExME=
golang.org/x/xerrors v0.0.0-20191204190536-9bdfabe68543/go.mod h1:I/5z698sn9Ka8TeJc9MKroUUfqBBauWjQqLJ2OPfmY0=
golang.org/x/xerrors v0.0.0-20200804184101-5ec99f83aff1 h1:go1bK/D/BFZV2I8cIQd1NKEZ+0owSTG1fDTci4IqFcE=
golang.org/x/xerrors v0.0.0-20200804184101-5ec99f83aff1/go.mod h1:I/5z698sn9Ka8TeJc9MKroUUfqBBauWjQqLJ2OPfmY0=
gopkg.in/check.v1 v0.0.0-20161208181325-20d25e280405/go.mod h1:Co6ibVJAznAaIkqp8huTwlJQCZ016jof/cbN4VW5Yz0=
gopkg.in/yaml.v2 v2.2.8/go.mod h1:hI93XBmqTisBFMUTm0b8Fm+jr3Dg1NNxqwp+5A1VGuI=
