github.com/aws/aws-sdk-go-v2 v0.30.0/go.mod h1:vEDjzdktTH+FoEOV6BWgYLEzvPti13Onp5/qQrSiLPg=
github.com/aws/aws-sdk-go-v2 v0.31.0 h1:TNTDsz+Xq80nYzZPUFS4a2Oyjz9jKHKcTuNAXtcW8b8=
github.com/aws/aws-sdk-go-v2 v0.31.0/go.mod h1:IQw4KL7QIoaNDT3WoEBV1fDlVRhp/WTRteoaplV3SHo=
github.com/aws/aws-sdk-go-v2/config v0.3.0 h1:Vl7ljyGdyZ6AK/WaqHPpweS3xE8OVKQcwU3kt99ofYU=
github.com/aws/aws-sdk-go-v2/config v0.3.0/go.mod h1:grBHx/eKZPbNpGcmntBEu97/nUGCDHfjPhIyJx0e1lc=
github.com/aws/aws-sdk-go-v2/credentials v0.1.5 h1:yPU5tFqRUJoO8RT4vp5O6AINP+W3kN6xHxukDJY0nZY=
github.com/aws/aws-sdk-go-v2/credentials v0.1.5/go.mod h1:DvGY5cZFiPbp++xv8eco5ZF3bO7jp67QuL0OzaChnVQ=
github.com/aws/aws-sdk-go-v2/ec2imds v0.1.5 h1:9vrHx+lXUiFAFHq8n6W/p7XEJ3gGPjFI+CIu243PXbE=
github.com/aws/aws-sdk-go-v2/ec2imds v0.1.5/go.mod h1:DPESW4tlbYYOFLmRThVEKSWsux39VKDIG+5DMKCyoII=
github.com/aws/aws-sdk-go-v2/service/sts v0.30.0 h1:uLJi5/2SHMRarGhWegpzTLNmLWfQHDh38jJz4My1DZM=
github.com/aws/aws-sdk-go-v2/service/sts v0.30.0/go.mod h1:Lef/s/jQBl/f4DXNdq1UhxmjuLrLK1t1a/cJPbeYo20=
github.com/aws/aws-sdk-go-v2/service/sts v0.31.0 h1:iJwlIyswoW4VM8RUmhC3397jdGa6QhMUtUf5daX+/a0=
github.com/aws/aws-sdk-go-v2/service/sts v0.31.0/go.mod h1:gliVu4/DZsKINvBoEcMIlxMIQft/yPYQhnSLxwiWqFM=
github.com/aws/smithy-go v0.5.0 h1:ArsdWUrb1n6/V/REXhuwq2TZv+kuqOBpMlGBd2EkDYM=
github.com/aws/smithy-go v0.5.0/go.mod h1:EzMw8dbp/YJL4A5/sbhGddag+NPT7q084agLbB9LgIw=
github.com/awslabs/smithy-go v0.4.0 h1:El0KyKn4zdM3pLuWJlgoeitQuu/mjwUPssr7L3xu3vs=
github.com/awslabs/smithy-go v0.4.0/go.mod h1:hPOQwnmBLHsUphH13tVSjQhTAFma0/0XoZGbBcOuABI=
github.com/davecgh/go-spew v1.1.0/go.mod h1:J7Y8YcW2NihsgmVo/mv3lAwl/skON4iLHjSsI+c5H38=
github.com/google/go-cmp v0.4.1/go.mod h1:v8dTdLbMG2kIc/vJvl+f65V22dbkXbowE6jgT/gNBxE=
github.com/google/go-cmp v0.5.4 h1:L8R9j+yAqZuZjsqh/z+F1NCffTKKLShY6zXTItVIZ8M=
github.com/google/go-cmp v0.5.4/go.mod h1:v8dTdLbMG2kIc/vJvl+f65V22dbkXbowE6jgT/gNBxE=
github.com/google/uuid v1.1.3 h1:twObb+9XcuH5B9V1TBCvvvZoO6iEdILi2a76PYn5rJI=
github.com/google/uuid v1.1.3/go.mod h1:TIyPZe4MgqvfeYDBFedMoGGpEw/LqOeaOT+nhxU+yHo=
github.com/jmespath/go-jmespath v0.4.0/go.mod h1:T8mJZnbsbmF+m6zOOFylbeCJqk5+pHWvzYPziyZiYoo=
github.com/jmespath/go-jmespath/internal/testify v1.5.1/go.mod h1:L3OGu8Wl2/fWfCI6z80xFu9LTZmf1ZRjMHUOPmWr69U=
github.com/pkg/errors v0.9.1 h1:FEBLx1zS214owpjy7qsBeixbURkuhQAwrK5UwLGTwt4=
github.com/pkg/errors v0.9.1/go.mod h1:bwawxfHBFNV+L2hUp1rHADufV3IMtnDRdf1r5NINEl0=
github.com/pmezard/go-difflib v1.0.0/go.mod h1:iKH77koFhYxTK1pcRnkKkqfTogsbg7gZNVY4sRDYZ/4=
github.com/stretchr/objx v0.1.0/go.mod h1:HFkY916IF+rwdDfMAkV7OtwuqBVzrE8GR6GFx+wExME=
golang.org/x/xerrors v0.0.0-20191204190536-9bdfabe68543/go.mod h1:I/5z698sn9Ka8TeJc9MKroUUfqBBauWjQqLJ2OPfmY0=
golang.org/x/xerrors v0.0.0-20200804184101-5ec99f83aff1 h1:go1bK/D/BFZV2I8cIQd1NKEZ+0owSTG1fDTci4IqFcE=
golang.org/x/xerrors v0.0.0-20200804184101-5ec99f83aff1/go.mod h1:I/5z698sn9Ka8TeJc9MKroUUfqBBauWjQqLJ2OPfmY0=
gopkg.in/check.v1 v0.0.0-20161208181325-20d25e280405/go.mod h1:Co6ibVJAznAaIkqp8huTwlJQCZ016jof/cbN4VW5Yz0=
gopkg.in/yaml.v2 v2.2.8/go.mod h1:hI93XBmqTisBFMUTm0b8Fm+jr3Dg1NNxqwp+5A1VGuI=
